// !$*UTF8*$!
{
	archiveVersion = 1;
	classes = {
	};
	objectVersion = 56;
	objects = {

/* Begin PBXBuildFile section */
		2810BFE42C49FE9100F81B31 /* sccAppApp.swift in Sources */ = {isa = PBXBuildFile; fileRef = 2810BFE32C49FE9100F81B31 /* sccAppApp.swift */; };
		2810BFE62C49FE9100F81B31 /* ContentView.swift in Sources */ = {isa = PBXBuildFile; fileRef = 2810BFE52C49FE9100F81B31 /* ContentView.swift */; };
		2810BFE82C49FE9200F81B31 /* Assets.xcassets in Resources */ = {isa = PBXBuildFile; fileRef = 2810BFE72C49FE9200F81B31 /* Assets.xcassets */; };
		2810BFEC2C49FE9200F81B31 /* Preview Assets.xcassets in Resources */ = {isa = PBXBuildFile; fileRef = 2810BFEB2C49FE9200F81B31 /* Preview Assets.xcassets */; };
		2810BFF62C49FE9200F81B31 /* sccAppTests.swift in Sources */ = {isa = PBXBuildFile; fileRef = 2810BFF52C49FE9200F81B31 /* sccAppTests.swift */; };
		2810C0002C49FE9200F81B31 /* sccAppUITests.swift in Sources */ = {isa = PBXBuildFile; fileRef = 2810BFFF2C49FE9200F81B31 /* sccAppUITests.swift */; };
		2810C0022C49FE9200F81B31 /* sccAppUITestsLaunchTests.swift in Sources */ = {isa = PBXBuildFile; fileRef = 2810C0012C49FE9200F81B31 /* sccAppUITestsLaunchTests.swift */; };
/* End PBXBuildFile section */

/* Begin PBXContainerItemProxy section */
		2810BFF22C49FE9200F81B31 /* PBXContainerItemProxy */ = {
			isa = PBXContainerItemProxy;
			containerPortal = 2810BFD82C49FE9100F81B31 /* Project object */;
			proxyType = 1;
			remoteGlobalIDString = 2810BFDF2C49FE9100F81B31;
			remoteInfo = sccApp;
		};
		2810BFFC2C49FE9200F81B31 /* PBXContainerItemProxy */ = {
			isa = PBXContainerItemProxy;
			containerPortal = 2810BFD82C49FE9100F81B31 /* Project object */;
			proxyType = 1;
			remoteGlobalIDString = 2810BFDF2C49FE9100F81B31;
			remoteInfo = sccApp;
		};
/* End PBXContainerItemProxy section */

/* Begin PBXFileReference section */
		2810BFE02C49FE9100F81B31 /* sccApp.app */ = {isa = PBXFileReference; explicitFileType = wrapper.application; includeInIndex = 0; path = sccApp.app; sourceTree = BUILT_PRODUCTS_DIR; };
		2810BFE32C49FE9100F81B31 /* sccAppApp.swift */ = {isa = PBXFileReference; lastKnownFileType = sourcecode.swift; path = sccAppApp.swift; sourceTree = "<group>"; };
		2810BFE52C49FE9100F81B31 /* ContentView.swift */ = {isa = PBXFileReference; lastKnownFileType = sourcecode.swift; path = ContentView.swift; sourceTree = "<group>"; };
		2810BFE72C49FE9200F81B31 /* Assets.xcassets */ = {isa = PBXFileReference; lastKnownFileType = folder.assetcatalog; path = Assets.xcassets; sourceTree = "<group>"; };
		2810BFE92C49FE9200F81B31 /* sccApp.entitlements */ = {isa = PBXFileReference; lastKnownFileType = text.plist.entitlements; path = sccApp.entitlements; sourceTree = "<group>"; };
		2810BFEB2C49FE9200F81B31 /* Preview Assets.xcassets */ = {isa = PBXFileReference; lastKnownFileType = folder.assetcatalog; path = "Preview Assets.xcassets"; sourceTree = "<group>"; };
		2810BFF12C49FE9200F81B31 /* sccAppTests.xctest */ = {isa = PBXFileReference; explicitFileType = wrapper.cfbundle; includeInIndex = 0; path = sccAppTests.xctest; sourceTree = BUILT_PRODUCTS_DIR; };
		2810BFF52C49FE9200F81B31 /* sccAppTests.swift */ = {isa = PBXFileReference; lastKnownFileType = sourcecode.swift; path = sccAppTests.swift; sourceTree = "<group>"; };
		2810BFFB2C49FE9200F81B31 /* sccAppUITests.xctest */ = {isa = PBXFileReference; explicitFileType = wrapper.cfbundle; includeInIndex = 0; path = sccAppUITests.xctest; sourceTree = BUILT_PRODUCTS_DIR; };
		2810BFFF2C49FE9200F81B31 /* sccAppUITests.swift */ = {isa = PBXFileReference; lastKnownFileType = sourcecode.swift; path = sccAppUITests.swift; sourceTree = "<group>"; };
		2810C0012C49FE9200F81B31 /* sccAppUITestsLaunchTests.swift */ = {isa = PBXFileReference; lastKnownFileType = sourcecode.swift; path = sccAppUITestsLaunchTests.swift; sourceTree = "<group>"; };
/* End PBXFileReference section */

/* Begin PBXFrameworksBuildPhase section */
		2810BFDD2C49FE9100F81B31 /* Frameworks */ = {
			isa = PBXFrameworksBuildPhase;
			buildActionMask = 2147483647;
			files = (
			);
			runOnlyForDeploymentPostprocessing = 0;
		};
		2810BFEE2C49FE9200F81B31 /* Frameworks */ = {
			isa = PBXFrameworksBuildPhase;
			buildActionMask = 2147483647;
			files = (
			);
			runOnlyForDeploymentPostprocessing = 0;
		};
		2810BFF82C49FE9200F81B31 /* Frameworks */ = {
			isa = PBXFrameworksBuildPhase;
			buildActionMask = 2147483647;
			files = (
			);
			runOnlyForDeploymentPostprocessing = 0;
		};
/* End PBXFrameworksBuildPhase section */

/* Begin PBXGroup section */
		2810BFD72C49FE9100F81B31 = {
			isa = PBXGroup;
			children = (
				2810BFE22C49FE9100F81B31 /* sccApp */,
				2810BFF42C49FE9200F81B31 /* sccAppTests */,
				2810BFFE2C49FE9200F81B31 /* sccAppUITests */,
				2810BFE12C49FE9100F81B31 /* Products */,
			);
			sourceTree = "<group>";
		};
		2810BFE12C49FE9100F81B31 /* Products */ = {
			isa = PBXGroup;
			children = (
				2810BFE02C49FE9100F81B31 /* sccApp.app */,
				2810BFF12C49FE9200F81B31 /* sccAppTests.xctest */,
				2810BFFB2C49FE9200F81B31 /* sccAppUITests.xctest */,
			);
			name = Products;
			sourceTree = "<group>";
		};
		2810BFE22C49FE9100F81B31 /* sccApp */ = {
			isa = PBXGroup;
			children = (
				2810BFE32C49FE9100F81B31 /* sccAppApp.swift */,
				2810BFE52C49FE9100F81B31 /* ContentView.swift */,
				2810BFE72C49FE9200F81B31 /* Assets.xcassets */,
				2810BFE92C49FE9200F81B31 /* sccApp.entitlements */,
				2810BFEA2C49FE9200F81B31 /* Preview Content */,
			);
			path = sccApp;
			sourceTree = "<group>";
		};
		2810BFEA2C49FE9200F81B31 /* Preview Content */ = {
			isa = PBXGroup;
			children = (
				2810BFEB2C49FE9200F81B31 /* Preview Assets.xcassets */,
			);
			path = "Preview Content";
			sourceTree = "<group>";
		};
		2810BFF42C49FE9200F81B31 /* sccAppTests */ = {
			isa = PBXGroup;
			children = (
				2810BFF52C49FE9200F81B31 /* sccAppTests.swift */,
			);
			path = sccAppTests;
			sourceTree = "<group>";
		};
		2810BFFE2C49FE9200F81B31 /* sccAppUITests */ = {
			isa = PBXGroup;
			children = (
				2810BFFF2C49FE9200F81B31 /* sccAppUITests.swift */,
				2810C0012C49FE9200F81B31 /* sccAppUITestsLaunchTests.swift */,
			);
			path = sccAppUITests;
			sourceTree = "<group>";
		};
/* End PBXGroup section */

/* Begin PBXNativeTarget section */
		2810BFDF2C49FE9100F81B31 /* sccApp */ = {
			isa = PBXNativeTarget;
			buildConfigurationList = 2810C0052C49FE9200F81B31 /* Build configuration list for PBXNativeTarget "sccApp" */;
			buildPhases = (
				2810BFDC2C49FE9100F81B31 /* Sources */,
				2810BFDD2C49FE9100F81B31 /* Frameworks */,
				2810BFDE2C49FE9100F81B31 /* Resources */,
			);
			buildRules = (
			);
			dependencies = (
			);
			name = sccApp;
			productName = sccApp;
			productReference = 2810BFE02C49FE9100F81B31 /* sccApp.app */;
			productType = "com.apple.product-type.application";
		};
		2810BFF02C49FE9200F81B31 /* sccAppTests */ = {
			isa = PBXNativeTarget;
			buildConfigurationList = 2810C0082C49FE9200F81B31 /* Build configuration list for PBXNativeTarget "sccAppTests" */;
			buildPhases = (
				2810BFED2C49FE9200F81B31 /* Sources */,
				2810BFEE2C49FE9200F81B31 /* Frameworks */,
				2810BFEF2C49FE9200F81B31 /* Resources */,
			);
			buildRules = (
			);
			dependencies = (
				2810BFF32C49FE9200F81B31 /* PBXTargetDependency */,
			);
			name = sccAppTests;
			productName = sccAppTests;
			productReference = 2810BFF12C49FE9200F81B31 /* sccAppTests.xctest */;
			productType = "com.apple.product-type.bundle.unit-test";
		};
		2810BFFA2C49FE9200F81B31 /* sccAppUITests */ = {
			isa = PBXNativeTarget;
			buildConfigurationList = 2810C00B2C49FE9200F81B31 /* Build configuration list for PBXNativeTarget "sccAppUITests" */;
			buildPhases = (
				2810BFF72C49FE9200F81B31 /* Sources */,
				2810BFF82C49FE9200F81B31 /* Frameworks */,
				2810BFF92C49FE9200F81B31 /* Resources */,
			);
			buildRules = (
			);
			dependencies = (
				2810BFFD2C49FE9200F81B31 /* PBXTargetDependency */,
			);
			name = sccAppUITests;
			productName = sccAppUITests;
			productReference = 2810BFFB2C49FE9200F81B31 /* sccAppUITests.xctest */;
			productType = "com.apple.product-type.bundle.ui-testing";
		};
/* End PBXNativeTarget section */

/* Begin PBXProject section */
		2810BFD82C49FE9100F81B31 /* Project object */ = {
			isa = PBXProject;
			attributes = {
				BuildIndependentTargetsInParallel = 1;
				LastSwiftUpdateCheck = 1540;
				LastUpgradeCheck = 1540;
				TargetAttributes = {
					2810BFDF2C49FE9100F81B31 = {
						CreatedOnToolsVersion = 15.4;
					};
					2810BFF02C49FE9200F81B31 = {
						CreatedOnToolsVersion = 15.4;
						TestTargetID = 2810BFDF2C49FE9100F81B31;
					};
					2810BFFA2C49FE9200F81B31 = {
						CreatedOnToolsVersion = 15.4;
						TestTargetID = 2810BFDF2C49FE9100F81B31;
					};
				};
			};
			buildConfigurationList = 2810BFDB2C49FE9100F81B31 /* Build configuration list for PBXProject "sccApp" */;
			compatibilityVersion = "Xcode 14.0";
			developmentRegion = en;
			hasScannedForEncodings = 0;
			knownRegions = (
				en,
				Base,
			);
			mainGroup = 2810BFD72C49FE9100F81B31;
			productRefGroup = 2810BFE12C49FE9100F81B31 /* Products */;
			projectDirPath = "";
			projectRoot = "";
			targets = (
				2810BFDF2C49FE9100F81B31 /* sccApp */,
				2810BFF02C49FE9200F81B31 /* sccAppTests */,
				2810BFFA2C49FE9200F81B31 /* sccAppUITests */,
			);
		};
/* End PBXProject section */

/* Begin PBXResourcesBuildPhase section */
		2810BFDE2C49FE9100F81B31 /* Resources */ = {
			isa = PBXResourcesBuildPhase;
			buildActionMask = 2147483647;
			files = (
				2810BFEC2C49FE9200F81B31 /* Preview Assets.xcassets in Resources */,
				2810BFE82C49FE9200F81B31 /* Assets.xcassets in Resources */,
			);
			runOnlyForDeploymentPostprocessing = 0;
		};
		2810BFEF2C49FE9200F81B31 /* Resources */ = {
			isa = PBXResourcesBuildPhase;
			buildActionMask = 2147483647;
			files = (
			);
			runOnlyForDeploymentPostprocessing = 0;
		};
		2810BFF92C49FE9200F81B31 /* Resources */ = {
			isa = PBXResourcesBuildPhase;
			buildActionMask = 2147483647;
			files = (
			);
			runOnlyForDeploymentPostprocessing = 0;
		};
/* End PBXResourcesBuildPhase section */

/* Begin PBXSourcesBuildPhase section */
		2810BFDC2C49FE9100F81B31 /* Sources */ = {
			isa = PBXSourcesBuildPhase;
			buildActionMask = 2147483647;
			files = (
				2810BFE62C49FE9100F81B31 /* ContentView.swift in Sources */,
				2810BFE42C49FE9100F81B31 /* sccAppApp.swift in Sources */,
			);
			runOnlyForDeploymentPostprocessing = 0;
		};
		2810BFED2C49FE9200F81B31 /* Sources */ = {
			isa = PBXSourcesBuildPhase;
			buildActionMask = 2147483647;
			files = (
				2810BFF62C49FE9200F81B31 /* sccAppTests.swift in Sources */,
			);
			runOnlyForDeploymentPostprocessing = 0;
		};
		2810BFF72C49FE9200F81B31 /* Sources */ = {
			isa = PBXSourcesBuildPhase;
			buildActionMask = 2147483647;
			files = (
				2810C0022C49FE9200F81B31 /* sccAppUITestsLaunchTests.swift in Sources */,
				2810C0002C49FE9200F81B31 /* sccAppUITests.swift in Sources */,
			);
			runOnlyForDeploymentPostprocessing = 0;
		};
/* End PBXSourcesBuildPhase section */

/* Begin PBXTargetDependency section */
		2810BFF32C49FE9200F81B31 /* PBXTargetDependency */ = {
			isa = PBXTargetDependency;
			target = 2810BFDF2C49FE9100F81B31 /* sccApp */;
			targetProxy = 2810BFF22C49FE9200F81B31 /* PBXContainerItemProxy */;
		};
		2810BFFD2C49FE9200F81B31 /* PBXTargetDependency */ = {
			isa = PBXTargetDependency;
			target = 2810BFDF2C49FE9100F81B31 /* sccApp */;
			targetProxy = 2810BFFC2C49FE9200F81B31 /* PBXContainerItemProxy */;
		};
/* End PBXTargetDependency section */

/* Begin XCBuildConfiguration section */
		2810C0032C49FE9200F81B31 /* Debug */ = {
			isa = XCBuildConfiguration;
			buildSettings = {
				ALWAYS_SEARCH_USER_PATHS = NO;
				ASSETCATALOG_COMPILER_GENERATE_SWIFT_ASSET_SYMBOL_EXTENSIONS = YES;
				CLANG_ANALYZER_NONNULL = YES;
				CLANG_ANALYZER_NUMBER_OBJECT_CONVERSION = YES_AGGRESSIVE;
				CLANG_CXX_LANGUAGE_STANDARD = "gnu++20";
				CLANG_ENABLE_MODULES = YES;
				CLANG_ENABLE_OBJC_ARC = YES;
				CLANG_ENABLE_OBJC_WEAK = YES;
				CLANG_WARN_BLOCK_CAPTURE_AUTORELEASING = YES;
				CLANG_WARN_BOOL_CONVERSION = YES;
				CLANG_WARN_COMMA = YES;
				CLANG_WARN_CONSTANT_CONVERSION = YES;
				CLANG_WARN_DEPRECATED_OBJC_IMPLEMENTATIONS = YES;
				CLANG_WARN_DIRECT_OBJC_ISA_USAGE = YES_ERROR;
				CLANG_WARN_DOCUMENTATION_COMMENTS = YES;
				CLANG_WARN_EMPTY_BODY = YES;
				CLANG_WARN_ENUM_CONVERSION = YES;
				CLANG_WARN_INFINITE_RECURSION = YES;
				CLANG_WARN_INT_CONVERSION = YES;
				CLANG_WARN_NON_LITERAL_NULL_CONVERSION = YES;
				CLANG_WARN_OBJC_IMPLICIT_RETAIN_SELF = YES;
				CLANG_WARN_OBJC_LITERAL_CONVERSION = YES;
				CLANG_WARN_OBJC_ROOT_CLASS = YES_ERROR;
				CLANG_WARN_QUOTED_INCLUDE_IN_FRAMEWORK_HEADER = YES;
				CLANG_WARN_RANGE_LOOP_ANALYSIS = YES;
				CLANG_WARN_STRICT_PROTOTYPES = YES;
				CLANG_WARN_SUSPICIOUS_MOVE = YES;
				CLANG_WARN_UNGUARDED_AVAILABILITY = YES_AGGRESSIVE;
				CLANG_WARN_UNREACHABLE_CODE = YES;
				CLANG_WARN__DUPLICATE_METHOD_MATCH = YES;
				COPY_PHASE_STRIP = NO;
				DEBUG_INFORMATION_FORMAT = dwarf;
				ENABLE_STRICT_OBJC_MSGSEND = YES;
				ENABLE_TESTABILITY = YES;
				ENABLE_USER_SCRIPT_SANDBOXING = YES;
				GCC_C_LANGUAGE_STANDARD = gnu17;
				GCC_DYNAMIC_NO_PIC = NO;
				GCC_NO_COMMON_BLOCKS = YES;
				GCC_OPTIMIZATION_LEVEL = 0;
				GCC_PREPROCESSOR_DEFINITIONS = (
					"DEBUG=1",
					"$(inherited)",
				);
				GCC_WARN_64_TO_32_BIT_CONVERSION = YES;
				GCC_WARN_ABOUT_RETURN_TYPE = YES_ERROR;
				GCC_WARN_UNDECLARED_SELECTOR = YES;
				GCC_WARN_UNINITIALIZED_AUTOS = YES_AGGRESSIVE;
				GCC_WARN_UNUSED_FUNCTION = YES;
				GCC_WARN_UNUSED_VARIABLE = YES;
				LOCALIZATION_PREFERS_STRING_CATALOGS = YES;
				MTL_ENABLE_DEBUG_INFO = INCLUDE_SOURCE;
				MTL_FAST_MATH = YES;
				ONLY_ACTIVE_ARCH = YES;
				SWIFT_ACTIVE_COMPILATION_CONDITIONS = "DEBUG $(inherited)";
				SWIFT_OPTIMIZATION_LEVEL = "-Onone";
			};
			name = Debug;
		};
		2810C0042C49FE9200F81B31 /* Release */ = {
			isa = XCBuildConfiguration;
			buildSettings = {
				ALWAYS_SEARCH_USER_PATHS = NO;
				ASSETCATALOG_COMPILER_GENERATE_SWIFT_ASSET_SYMBOL_EXTENSIONS = YES;
				CLANG_ANALYZER_NONNULL = YES;
				CLANG_ANALYZER_NUMBER_OBJECT_CONVERSION = YES_AGGRESSIVE;
				CLANG_CXX_LANGUAGE_STANDARD = "gnu++20";
				CLANG_ENABLE_MODULES = YES;
				CLANG_ENABLE_OBJC_ARC = YES;
				CLANG_ENABLE_OBJC_WEAK = YES;
				CLANG_WARN_BLOCK_CAPTURE_AUTORELEASING = YES;
				CLANG_WARN_BOOL_CONVERSION = YES;
				CLANG_WARN_COMMA = YES;
				CLANG_WARN_CONSTANT_CONVERSION = YES;
				CLANG_WARN_DEPRECATED_OBJC_IMPLEMENTATIONS = YES;
				CLANG_WARN_DIRECT_OBJC_ISA_USAGE = YES_ERROR;
				CLANG_WARN_DOCUMENTATION_COMMENTS = YES;
				CLANG_WARN_EMPTY_BODY = YES;
				CLANG_WARN_ENUM_CONVERSION = YES;
				CLANG_WARN_INFINITE_RECURSION = YES;
				CLANG_WARN_INT_CONVERSION = YES;
				CLANG_WARN_NON_LITERAL_NULL_CONVERSION = YES;
				CLANG_WARN_OBJC_IMPLICIT_RETAIN_SELF = YES;
				CLANG_WARN_OBJC_LITERAL_CONVERSION = YES;
				CLANG_WARN_OBJC_ROOT_CLASS = YES_ERROR;
				CLANG_WARN_QUOTED_INCLUDE_IN_FRAMEWORK_HEADER = YES;
				CLANG_WARN_RANGE_LOOP_ANALYSIS = YES;
				CLANG_WARN_STRICT_PROTOTYPES = YES;
				CLANG_WARN_SUSPICIOUS_MOVE = YES;
				CLANG_WARN_UNGUARDED_AVAILABILITY = YES_AGGRESSIVE;
				CLANG_WARN_UNREACHABLE_CODE = YES;
				CLANG_WARN__DUPLICATE_METHOD_MATCH = YES;
				COPY_PHASE_STRIP = NO;
				DEBUG_INFORMATION_FORMAT = "dwarf-with-dsym";
				ENABLE_NS_ASSERTIONS = NO;
				ENABLE_STRICT_OBJC_MSGSEND = YES;
				ENABLE_USER_SCRIPT_SANDBOXING = YES;
				GCC_C_LANGUAGE_STANDARD = gnu17;
				GCC_NO_COMMON_BLOCKS = YES;
				GCC_WARN_64_TO_32_BIT_CONVERSION = YES;
				GCC_WARN_ABOUT_RETURN_TYPE = YES_ERROR;
				GCC_WARN_UNDECLARED_SELECTOR = YES;
				GCC_WARN_UNINITIALIZED_AUTOS = YES_AGGRESSIVE;
				GCC_WARN_UNUSED_FUNCTION = YES;
				GCC_WARN_UNUSED_VARIABLE = YES;
				LOCALIZATION_PREFERS_STRING_CATALOGS = YES;
				MTL_ENABLE_DEBUG_INFO = NO;
				MTL_FAST_MATH = YES;
				SWIFT_COMPILATION_MODE = wholemodule;
			};
			name = Release;
		};
		2810C0062C49FE9200F81B31 /* Debug */ = {
			isa = XCBuildConfiguration;
			buildSettings = {
				ASSETCATALOG_COMPILER_APPICON_NAME = AppIcon;
				ASSETCATALOG_COMPILER_GLOBAL_ACCENT_COLOR_NAME = AccentColor;
				CODE_SIGN_ENTITLEMENTS = sccApp/sccApp.entitlements;
				CODE_SIGN_STYLE = Automatic;
				CURRENT_PROJECT_VERSION = 1;
				DEVELOPMENT_ASSET_PATHS = "\"sccApp/Preview Content\"";
				DEVELOPMENT_TEAM = 4U4ADU3F9S;
				ENABLE_HARDENED_RUNTIME = YES;
				ENABLE_PREVIEWS = YES;
				GENERATE_INFOPLIST_FILE = YES;
				"INFOPLIST_KEY_UIApplicationSceneManifest_Generation[sdk=iphoneos*]" = YES;
				"INFOPLIST_KEY_UIApplicationSceneManifest_Generation[sdk=iphonesimulator*]" = YES;
				"INFOPLIST_KEY_UIApplicationSupportsIndirectInputEvents[sdk=iphoneos*]" = YES;
				"INFOPLIST_KEY_UIApplicationSupportsIndirectInputEvents[sdk=iphonesimulator*]" = YES;
				"INFOPLIST_KEY_UILaunchScreen_Generation[sdk=iphoneos*]" = YES;
				"INFOPLIST_KEY_UILaunchScreen_Generation[sdk=iphonesimulator*]" = YES;
				"INFOPLIST_KEY_UIStatusBarStyle[sdk=iphoneos*]" = UIStatusBarStyleDefault;
				"INFOPLIST_KEY_UIStatusBarStyle[sdk=iphonesimulator*]" = UIStatusBarStyleDefault;
				INFOPLIST_KEY_UISupportedInterfaceOrientations_iPad = "UIInterfaceOrientationPortrait UIInterfaceOrientationPortraitUpsideDown UIInterfaceOrientationLandscapeLeft UIInterfaceOrientationLandscapeRight";
				INFOPLIST_KEY_UISupportedInterfaceOrientations_iPhone = "UIInterfaceOrientationPortrait UIInterfaceOrientationLandscapeLeft UIInterfaceOrientationLandscapeRight";
				IPHONEOS_DEPLOYMENT_TARGET = 17.5;
				LD_RUNPATH_SEARCH_PATHS = "@executable_path/Frameworks";
				"LD_RUNPATH_SEARCH_PATHS[sdk=macosx*]" = "@executable_path/../Frameworks";
				MACOSX_DEPLOYMENT_TARGET = 14.5;
				MARKETING_VERSION = 1.0;
				PRODUCT_BUNDLE_IDENTIFIER = com.scc.sccApp;
				PRODUCT_NAME = "$(TARGET_NAME)";
				SDKROOT = auto;
				SUPPORTED_PLATFORMS = "iphoneos iphonesimulator macosx";
				SWIFT_EMIT_LOC_STRINGS = YES;
				SWIFT_VERSION = 5.0;
				TARGETED_DEVICE_FAMILY = "1,2";
			};
			name = Debug;
		};
		2810C0072C49FE9200F81B31 /* Release */ = {
			isa = XCBuildConfiguration;
			buildSettings = {
				ASSETCATALOG_COMPILER_APPICON_NAME = AppIcon;
				ASSETCATALOG_COMPILER_GLOBAL_ACCENT_COLOR_NAME = AccentColor;
				CODE_SIGN_ENTITLEMENTS = sccApp/sccApp.entitlements;
				CODE_SIGN_STYLE = Automatic;
				CURRENT_PROJECT_VERSION = 1;
				DEVELOPMENT_ASSET_PATHS = "\"sccApp/Preview Content\"";
				DEVELOPMENT_TEAM = 4U4ADU3F9S;
				ENABLE_HARDENED_RUNTIME = YES;
				ENABLE_PREVIEWS = YES;
				GENERATE_INFOPLIST_FILE = YES;
				"INFOPLIST_KEY_UIApplicationSceneManifest_Generation[sdk=iphoneos*]" = YES;
				"INFOPLIST_KEY_UIApplicationSceneManifest_Generation[sdk=iphonesimulator*]" = YES;
				"INFOPLIST_KEY_UIApplicationSupportsIndirectInputEvents[sdk=iphoneos*]" = YES;
				"INFOPLIST_KEY_UIApplicationSupportsIndirectInputEvents[sdk=iphonesimulator*]" = YES;
				"INFOPLIST_KEY_UILaunchScreen_Generation[sdk=iphoneos*]" = YES;
				"INFOPLIST_KEY_UILaunchScreen_Generation[sdk=iphonesimulator*]" = YES;
				"INFOPLIST_KEY_UIStatusBarStyle[sdk=iphoneos*]" = UIStatusBarStyleDefault;
				"INFOPLIST_KEY_UIStatusBarStyle[sdk=iphonesimulator*]" = UIStatusBarStyleDefault;
				INFOPLIST_KEY_UISupportedInterfaceOrientations_iPad = "UIInterfaceOrientationPortrait UIInterfaceOrientationPortraitUpsideDown UIInterfaceOrientationLandscapeLeft UIInterfaceOrientationLandscapeRight";
				INFOPLIST_KEY_UISupportedInterfaceOrientations_iPhone = "UIInterfaceOrientationPortrait UIInterfaceOrientationLandscapeLeft UIInterfaceOrientationLandscapeRight";
				IPHONEOS_DEPLOYMENT_TARGET = 17.5;
				LD_RUNPATH_SEARCH_PATHS = "@executable_path/Frameworks";
				"LD_RUNPATH_SEARCH_PATHS[sdk=macosx*]" = "@executable_path/../Frameworks";
				MACOSX_DEPLOYMENT_TARGET = 14.5;
				MARKETING_VERSION = 1.0;
				PRODUCT_BUNDLE_IDENTIFIER = com.scc.sccApp;
				PRODUCT_NAME = "$(TARGET_NAME)";
				SDKROOT = auto;
				SUPPORTED_PLATFORMS = "iphoneos iphonesimulator macosx";
				SWIFT_EMIT_LOC_STRINGS = YES;
				SWIFT_VERSION = 5.0;
				TARGETED_DEVICE_FAMILY = "1,2";
			};
			name = Release;
		};
		2810C0092C49FE9200F81B31 /* Debug */ = {
			isa = XCBuildConfiguration;
			buildSettings = {
				ALWAYS_EMBED_SWIFT_STANDARD_LIBRARIES = YES;
				BUNDLE_LOADER = "$(TEST_HOST)";
				CODE_SIGN_STYLE = Automatic;
				CURRENT_PROJECT_VERSION = 1;
				DEVELOPMENT_TEAM = 4U4ADU3F9S;
				GENERATE_INFOPLIST_FILE = YES;
				IPHONEOS_DEPLOYMENT_TARGET = 17.5;
				MACOSX_DEPLOYMENT_TARGET = 14.5;
				MARKETING_VERSION = 1.0;
				PRODUCT_BUNDLE_IDENTIFIER = com.scc.sccAppTests;
				PRODUCT_NAME = "$(TARGET_NAME)";
				SDKROOT = auto;
				SUPPORTED_PLATFORMS = "iphoneos iphonesimulator macosx";
				SWIFT_EMIT_LOC_STRINGS = NO;
				SWIFT_VERSION = 5.0;
				TARGETED_DEVICE_FAMILY = "1,2";
				TEST_HOST = "$(BUILT_PRODUCTS_DIR)/sccApp.app/$(BUNDLE_EXECUTABLE_FOLDER_PATH)/sccApp";
			};
			name = Debug;
		};
		2810C00A2C49FE9200F81B31 /* Release */ = {
			isa = XCBuildConfiguration;
			buildSettings = {
				ALWAYS_EMBED_SWIFT_STANDARD_LIBRARIES = YES;
				BUNDLE_LOADER = "$(TEST_HOST)";
				CODE_SIGN_STYLE = Automatic;
				CURRENT_PROJECT_VERSION = 1;
				DEVELOPMENT_TEAM = 4U4ADU3F9S;
				GENERATE_INFOPLIST_FILE = YES;
				IPHONEOS_DEPLOYMENT_TARGET = 17.5;
				MACOSX_DEPLOYMENT_TARGET = 14.5;
				MARKETING_VERSION = 1.0;
				PRODUCT_BUNDLE_IDENTIFIER = com.scc.sccAppTests;
				PRODUCT_NAME = "$(TARGET_NAME)";
				SDKROOT = auto;
				SUPPORTED_PLATFORMS = "iphoneos iphonesimulator macosx";
				SWIFT_EMIT_LOC_STRINGS = NO;
				SWIFT_VERSION = 5.0;
				TARGETED_DEVICE_FAMILY = "1,2";
				TEST_HOST = "$(BUILT_PRODUCTS_DIR)/sccApp.app/$(BUNDLE_EXECUTABLE_FOLDER_PATH)/sccApp";
			};
			name = Release;
		};
		2810C00C2C49FE9200F81B31 /* Debug */ = {
			isa = XCBuildConfiguration;
			buildSettings = {
				ALWAYS_EMBED_SWIFT_STANDARD_LIBRARIES = YES;
				CODE_SIGN_STYLE = Automatic;
				CURRENT_PROJECT_VERSION = 1;
				DEVELOPMENT_TEAM = 4U4ADU3F9S;
				GENERATE_INFOPLIST_FILE = YES;
				IPHONEOS_DEPLOYMENT_TARGET = 17.5;
				MACOSX_DEPLOYMENT_TARGET = 14.5;
				MARKETING_VERSION = 1.0;
				PRODUCT_BUNDLE_IDENTIFIER = com.scc.sccAppUITests;
				PRODUCT_NAME = "$(TARGET_NAME)";
				SDKROOT = auto;
				SUPPORTED_PLATFORMS = "iphoneos iphonesimulator macosx";
				SWIFT_EMIT_LOC_STRINGS = NO;
				SWIFT_VERSION = 5.0;
				TARGETED_DEVICE_FAMILY = "1,2";
				TEST_TARGET_NAME = sccApp;
			};
			name = Debug;
		};
		2810C00D2C49FE9200F81B31 /* Release */ = {
			isa = XCBuildConfiguration;
			buildSettings = {
				ALWAYS_EMBED_SWIFT_STANDARD_LIBRARIES = YES;
				CODE_SIGN_STYLE = Automatic;
				CURRENT_PROJECT_VERSION = 1;
				DEVELOPMENT_TEAM = 4U4ADU3F9S;
				GENERATE_INFOPLIST_FILE = YES;
				IPHONEOS_DEPLOYMENT_TARGET = 17.5;
				MACOSX_DEPLOYMENT_TARGET = 14.5;
				MARKETING_VERSION = 1.0;
				PRODUCT_BUNDLE_IDENTIFIER = com.scc.sccAppUITests;
				PRODUCT_NAME = "$(TARGET_NAME)";
				SDKROOT = auto;
				SUPPORTED_PLATFORMS = "iphoneos iphonesimulator macosx";
				SWIFT_EMIT_LOC_STRINGS = NO;
				SWIFT_VERSION = 5.0;
				TARGETED_DEVICE_FAMILY = "1,2";
				TEST_TARGET_NAME = sccApp;
			};
			name = Release;
		};
/* End XCBuildConfiguration section */

/* Begin XCConfigurationList section */
		2810BFDB2C49FE9100F81B31 /* Build configuration list for PBXProject "sccApp" */ = {
			isa = XCConfigurationList;
			buildConfigurations = (
				2810C0032C49FE9200F81B31 /* Debug */,
				2810C0042C49FE9200F81B31 /* Release */,
			);
			defaultConfigurationIsVisible = 0;
			defaultConfigurationName = Release;
		};
		2810C0052C49FE9200F81B31 /* Build configuration list for PBXNativeTarget "sccApp" */ = {
			isa = XCConfigurationList;
			buildConfigurations = (
				2810C0062C49FE9200F81B31 /* Debug */,
				2810C0072C49FE9200F81B31 /* Release */,
			);
			defaultConfigurationIsVisible = 0;
			defaultConfigurationName = Release;
		};
		2810C0082C49FE9200F81B31 /* Build configuration list for PBXNativeTarget "sccAppTests" */ = {
			isa = XCConfigurationList;
			buildConfigurations = (
				2810C0092C49FE9200F81B31 /* Debug */,
				2810C00A2C49FE9200F81B31 /* Release */,
			);
			defaultConfigurationIsVisible = 0;
			defaultConfigurationName = Release;
		};
		2810C00B2C49FE9200F81B31 /* Build configuration list for PBXNativeTarget "sccAppUITests" */ = {
			isa = XCConfigurationList;
			buildConfigurations = (
				2810C00C2C49FE9200F81B31 /* Debug */,
				2810C00D2C49FE9200F81B31 /* Release */,
			);
			defaultConfigurationIsVisible = 0;
			defaultConfigurationName = Release;
		};
/* End XCConfigurationList section */
	};
	rootObject = 2810BFD82C49FE9100F81B31 /* Project object */;
}
