// !$*UTF8*$!
{
	archiveVersion = 1;
	classes = {
	};
	objectVersion = 56;
	objects = {

/* Begin PBXBuildFile section */
		280669D12C5CBD13007757C2 /* 手势.swift in Sources */ = {isa = PBXBuildFile; fileRef = 280669D02C5CBD13007757C2 /* 手势.swift */; };
		280669D32C5CC50E007757C2 /* 动画.swift in Sources */ = {isa = PBXBuildFile; fileRef = 280669D22C5CC50E007757C2 /* 动画.swift */; };
		280669D52C5CD966007757C2 /* 数据流.swift in Sources */ = {isa = PBXBuildFile; fileRef = 280669D42C5CD966007757C2 /* 数据流.swift */; };
		28080B6B2C5B765C00C7AD36 /* 自定义修改器.swift in Sources */ = {isa = PBXBuildFile; fileRef = 28080B6A2C5B765C00C7AD36 /* 自定义修改器.swift */; };
		28080B6D2C5B7B2E00C7AD36 /* 图片修改器.swift in Sources */ = {isa = PBXBuildFile; fileRef = 28080B6C2C5B7B2E00C7AD36 /* 图片修改器.swift */; };
		28080B6F2C5B885700C7AD36 /* 颜色修改器.swift in Sources */ = {isa = PBXBuildFile; fileRef = 28080B6E2C5B885700C7AD36 /* 颜色修改器.swift */; };
		280D29642C894544003780E8 /* Locked.swift in Sources */ = {isa = PBXBuildFile; fileRef = 280D29632C894544003780E8 /* Locked.swift */; };
		280D29672C894B27003780E8 /* utils.swift in Sources */ = {isa = PBXBuildFile; fileRef = 280D29662C894B27003780E8 /* utils.swift */; };
		280D29692C895052003780E8 /* PrivacyDoc.swift in Sources */ = {isa = PBXBuildFile; fileRef = 280D29682C895052003780E8 /* PrivacyDoc.swift */; };
		2810BFE42C49FE9100F81B31 /* sccAppApp.swift in Sources */ = {isa = PBXBuildFile; fileRef = 2810BFE32C49FE9100F81B31 /* sccAppApp.swift */; };
		2810BFE62C49FE9100F81B31 /* 普通.swift in Sources */ = {isa = PBXBuildFile; fileRef = 2810BFE52C49FE9100F81B31 /* 普通.swift */; };
		2810BFE82C49FE9200F81B31 /* Assets.xcassets in Resources */ = {isa = PBXBuildFile; fileRef = 2810BFE72C49FE9200F81B31 /* Assets.xcassets */; };
		2810BFEC2C49FE9200F81B31 /* Preview Assets.xcassets in Resources */ = {isa = PBXBuildFile; fileRef = 2810BFEB2C49FE9200F81B31 /* Preview Assets.xcassets */; };
		2810BFF62C49FE9200F81B31 /* sccAppTests.swift in Sources */ = {isa = PBXBuildFile; fileRef = 2810BFF52C49FE9200F81B31 /* sccAppTests.swift */; };
		2810C0002C49FE9200F81B31 /* sccAppUITests.swift in Sources */ = {isa = PBXBuildFile; fileRef = 2810BFFF2C49FE9200F81B31 /* sccAppUITests.swift */; };
		2810C0022C49FE9200F81B31 /* sccAppUITestsLaunchTests.swift in Sources */ = {isa = PBXBuildFile; fileRef = 2810C0012C49FE9200F81B31 /* sccAppUITestsLaunchTests.swift */; };
		288463442C59FF2900B90E2E /* 层级.swift in Sources */ = {isa = PBXBuildFile; fileRef = 288463432C59FF2900B90E2E /* 层级.swift */; };
		288463462C5A0FDC00B90E2E /* 列表.swift in Sources */ = {isa = PBXBuildFile; fileRef = 288463452C5A0FDC00B90E2E /* 列表.swift */; };
		28BB7CA92C609D8A00B8788E /* ArticleDetail.swift in Sources */ = {isa = PBXBuildFile; fileRef = 28BB7CA82C609D8A00B8788E /* ArticleDetail.swift */; };
		28BB7CAB2C60B25A00B8788E /* MotionManager.swift in Sources */ = {isa = PBXBuildFile; fileRef = 28BB7CAA2C60B25A00B8788E /* MotionManager.swift */; };
		28BC6B3B2C89575300DE5C65 /* TempPage.swift in Sources */ = {isa = PBXBuildFile; fileRef = 28BC6B3A2C89575300DE5C65 /* TempPage.swift */; };
		28BC6B3D2C89585700DE5C65 /* Route.swift in Sources */ = {isa = PBXBuildFile; fileRef = 28BC6B3C2C89585700DE5C65 /* Route.swift */; };
		28BC6B412C89768000DE5C65 /* RoundButton.swift in Sources */ = {isa = PBXBuildFile; fileRef = 28BC6B402C89768000DE5C65 /* RoundButton.swift */; };
		28BC6B442C897A7000DE5C65 /* BetterSafariView in Frameworks */ = {isa = PBXBuildFile; productRef = 28BC6B432C897A7000DE5C65 /* BetterSafariView */; };
		28BC6B462C89817D00DE5C65 /* Note.swift in Sources */ = {isa = PBXBuildFile; fileRef = 28BC6B452C89817D00DE5C65 /* Note.swift */; };
		28BC6B492C8982D300DE5C65 /* NoteData.swift in Sources */ = {isa = PBXBuildFile; fileRef = 28BC6B482C8982D300DE5C65 /* NoteData.swift */; };
		28BC6B4D2C89994400DE5C65 /* Examples.swift in Sources */ = {isa = PBXBuildFile; fileRef = 28BC6B4C2C89994400DE5C65 /* Examples.swift */; };
		28BC6B512C89A6BB00DE5C65 /* ImagePickerView in Frameworks */ = {isa = PBXBuildFile; productRef = 28BC6B502C89A6BB00DE5C65 /* ImagePickerView */; };
		28C231452C5A2B7900B2BBE9 /* Home.swift in Sources */ = {isa = PBXBuildFile; fileRef = 28C231442C5A2B7900B2BBE9 /* Home.swift */; };
		28C231472C5A2B8C00B2BBE9 /* Settings.swift in Sources */ = {isa = PBXBuildFile; fileRef = 28C231462C5A2B8C00B2BBE9 /* Settings.swift */; };
		28C231492C5A2BBD00B2BBE9 /* ContentView.swift in Sources */ = {isa = PBXBuildFile; fileRef = 28C231482C5A2BBD00B2BBE9 /* ContentView.swift */; };
		28C2314B2C5A30A500B2BBE9 /* 文本修改器.swift in Sources */ = {isa = PBXBuildFile; fileRef = 28C2314A2C5A30A500B2BBE9 /* 文本修改器.swift */; };
		28D80E9D2C6067C8006E3DEF /* 状态管理.swift in Sources */ = {isa = PBXBuildFile; fileRef = 28D80E9C2C6067C8006E3DEF /* 状态管理.swift */; };
		28D80E9F2C607E48006E3DEF /* ArticleData.swift in Sources */ = {isa = PBXBuildFile; fileRef = 28D80E9E2C607E48006E3DEF /* ArticleData.swift */; };
		28DA0E4B2C5B54C1000D8332 /* 排版修改器.swift in Sources */ = {isa = PBXBuildFile; fileRef = 28DA0E4A2C5B54C1000D8332 /* 排版修改器.swift */; };
		28DA0E4D2C5B6509000D8332 /* 排版修改器练习.swift in Sources */ = {isa = PBXBuildFile; fileRef = 28DA0E4C2C5B6509000D8332 /* 排版修改器练习.swift */; };
		28FF38792C58E3EA0065ED41 /* 控件.swift in Sources */ = {isa = PBXBuildFile; fileRef = 28FF38782C58E3EA0065ED41 /* 控件.swift */; };
/* End PBXBuildFile section */

/* Begin PBXContainerItemProxy section */
		2810BFF22C49FE9200F81B31 /* PBXContainerItemProxy */ = {
			isa = PBXContainerItemProxy;
			containerPortal = 2810BFD82C49FE9100F81B31 /* Project object */;
			proxyType = 1;
			remoteGlobalIDString = 2810BFDF2C49FE9100F81B31;
			remoteInfo = sccApp;
		};
		2810BFFC2C49FE9200F81B31 /* PBXContainerItemProxy */ = {
			isa = PBXContainerItemProxy;
			containerPortal = 2810BFD82C49FE9100F81B31 /* Project object */;
			proxyType = 1;
			remoteGlobalIDString = 2810BFDF2C49FE9100F81B31;
			remoteInfo = sccApp;
		};
/* End PBXContainerItemProxy section */

/* Begin PBXFileReference section */
		280669D02C5CBD13007757C2 /* 手势.swift */ = {isa = PBXFileReference; lastKnownFileType = sourcecode.swift; path = "手势.swift"; sourceTree = "<group>"; };
		280669D22C5CC50E007757C2 /* 动画.swift */ = {isa = PBXFileReference; lastKnownFileType = sourcecode.swift; path = "动画.swift"; sourceTree = "<group>"; };
		280669D42C5CD966007757C2 /* 数据流.swift */ = {isa = PBXFileReference; lastKnownFileType = sourcecode.swift; path = "数据流.swift"; sourceTree = "<group>"; };
		28080B6A2C5B765C00C7AD36 /* 自定义修改器.swift */ = {isa = PBXFileReference; lastKnownFileType = sourcecode.swift; path = "自定义修改器.swift"; sourceTree = "<group>"; };
		28080B6C2C5B7B2E00C7AD36 /* 图片修改器.swift */ = {isa = PBXFileReference; lastKnownFileType = sourcecode.swift; path = "图片修改器.swift"; sourceTree = "<group>"; };
		28080B6E2C5B885700C7AD36 /* 颜色修改器.swift */ = {isa = PBXFileReference; lastKnownFileType = sourcecode.swift; path = "颜色修改器.swift"; sourceTree = "<group>"; };
		280D29632C894544003780E8 /* Locked.swift */ = {isa = PBXFileReference; lastKnownFileType = sourcecode.swift; path = Locked.swift; sourceTree = "<group>"; };
		280D29662C894B27003780E8 /* utils.swift */ = {isa = PBXFileReference; lastKnownFileType = sourcecode.swift; path = utils.swift; sourceTree = "<group>"; };
		280D29682C895052003780E8 /* PrivacyDoc.swift */ = {isa = PBXFileReference; lastKnownFileType = sourcecode.swift; path = PrivacyDoc.swift; sourceTree = "<group>"; };
		2810BFE02C49FE9100F81B31 /* sccApp.app */ = {isa = PBXFileReference; explicitFileType = wrapper.application; includeInIndex = 0; path = sccApp.app; sourceTree = BUILT_PRODUCTS_DIR; };
		2810BFE32C49FE9100F81B31 /* sccAppApp.swift */ = {isa = PBXFileReference; lastKnownFileType = sourcecode.swift; path = sccAppApp.swift; sourceTree = "<group>"; };
		2810BFE52C49FE9100F81B31 /* 普通.swift */ = {isa = PBXFileReference; lastKnownFileType = sourcecode.swift; path = "普通.swift"; sourceTree = "<group>"; };
		2810BFE72C49FE9200F81B31 /* Assets.xcassets */ = {isa = PBXFileReference; lastKnownFileType = folder.assetcatalog; path = Assets.xcassets; sourceTree = "<group>"; };
		2810BFE92C49FE9200F81B31 /* sccApp.entitlements */ = {isa = PBXFileReference; lastKnownFileType = text.plist.entitlements; path = sccApp.entitlements; sourceTree = "<group>"; };
		2810BFEB2C49FE9200F81B31 /* Preview Assets.xcassets */ = {isa = PBXFileReference; lastKnownFileType = folder.assetcatalog; path = "Preview Assets.xcassets"; sourceTree = "<group>"; };
		2810BFF12C49FE9200F81B31 /* sccAppTests.xctest */ = {isa = PBXFileReference; explicitFileType = wrapper.cfbundle; includeInIndex = 0; path = sccAppTests.xctest; sourceTree = BUILT_PRODUCTS_DIR; };
		2810BFF52C49FE9200F81B31 /* sccAppTests.swift */ = {isa = PBXFileReference; lastKnownFileType = sourcecode.swift; path = sccAppTests.swift; sourceTree = "<group>"; };
		2810BFFB2C49FE9200F81B31 /* sccAppUITests.xctest */ = {isa = PBXFileReference; explicitFileType = wrapper.cfbundle; includeInIndex = 0; path = sccAppUITests.xctest; sourceTree = BUILT_PRODUCTS_DIR; };
		2810BFFF2C49FE9200F81B31 /* sccAppUITests.swift */ = {isa = PBXFileReference; lastKnownFileType = sourcecode.swift; path = sccAppUITests.swift; sourceTree = "<group>"; };
		2810C0012C49FE9200F81B31 /* sccAppUITestsLaunchTests.swift */ = {isa = PBXFileReference; lastKnownFileType = sourcecode.swift; path = sccAppUITestsLaunchTests.swift; sourceTree = "<group>"; };
		288463432C59FF2900B90E2E /* 层级.swift */ = {isa = PBXFileReference; lastKnownFileType = sourcecode.swift; path = "层级.swift"; sourceTree = "<group>"; };
		288463452C5A0FDC00B90E2E /* 列表.swift */ = {isa = PBXFileReference; lastKnownFileType = sourcecode.swift; path = "列表.swift"; sourceTree = "<group>"; };
		28B1EF6B2C5B256300D380DA /* Info.plist */ = {isa = PBXFileReference; lastKnownFileType = text.plist; path = Info.plist; sourceTree = "<group>"; };
		28BB7CA82C609D8A00B8788E /* ArticleDetail.swift */ = {isa = PBXFileReference; lastKnownFileType = sourcecode.swift; path = ArticleDetail.swift; sourceTree = "<group>"; };
		28BB7CAA2C60B25A00B8788E /* MotionManager.swift */ = {isa = PBXFileReference; lastKnownFileType = sourcecode.swift; path = MotionManager.swift; sourceTree = "<group>"; };
		28BC6B3A2C89575300DE5C65 /* TempPage.swift */ = {isa = PBXFileReference; lastKnownFileType = sourcecode.swift; path = TempPage.swift; sourceTree = "<group>"; };
		28BC6B3C2C89585700DE5C65 /* Route.swift */ = {isa = PBXFileReference; lastKnownFileType = sourcecode.swift; path = Route.swift; sourceTree = "<group>"; };
		28BC6B402C89768000DE5C65 /* RoundButton.swift */ = {isa = PBXFileReference; lastKnownFileType = sourcecode.swift; path = RoundButton.swift; sourceTree = "<group>"; };
		28BC6B452C89817D00DE5C65 /* Note.swift */ = {isa = PBXFileReference; lastKnownFileType = sourcecode.swift; path = Note.swift; sourceTree = "<group>"; };
		28BC6B482C8982D300DE5C65 /* NoteData.swift */ = {isa = PBXFileReference; lastKnownFileType = sourcecode.swift; path = NoteData.swift; sourceTree = "<group>"; };
		28BC6B4C2C89994400DE5C65 /* Examples.swift */ = {isa = PBXFileReference; lastKnownFileType = sourcecode.swift; path = Examples.swift; sourceTree = "<group>"; };
		28C231442C5A2B7900B2BBE9 /* Home.swift */ = {isa = PBXFileReference; lastKnownFileType = sourcecode.swift; name = Home.swift; path = views/Home.swift; sourceTree = "<group>"; };
		28C231462C5A2B8C00B2BBE9 /* Settings.swift */ = {isa = PBXFileReference; lastKnownFileType = sourcecode.swift; name = Settings.swift; path = views/Settings.swift; sourceTree = "<group>"; };
		28C231482C5A2BBD00B2BBE9 /* ContentView.swift */ = {isa = PBXFileReference; lastKnownFileType = sourcecode.swift; path = ContentView.swift; sourceTree = "<group>"; };
		28C2314A2C5A30A500B2BBE9 /* 文本修改器.swift */ = {isa = PBXFileReference; lastKnownFileType = sourcecode.swift; path = "文本修改器.swift"; sourceTree = "<group>"; };
		28D80E9C2C6067C8006E3DEF /* 状态管理.swift */ = {isa = PBXFileReference; lastKnownFileType = sourcecode.swift; path = "状态管理.swift"; sourceTree = "<group>"; };
		28D80E9E2C607E48006E3DEF /* ArticleData.swift */ = {isa = PBXFileReference; lastKnownFileType = sourcecode.swift; path = ArticleData.swift; sourceTree = "<group>"; };
		28DA0E4A2C5B54C1000D8332 /* 排版修改器.swift */ = {isa = PBXFileReference; lastKnownFileType = sourcecode.swift; path = "排版修改器.swift"; sourceTree = "<group>"; };
		28DA0E4C2C5B6509000D8332 /* 排版修改器练习.swift */ = {isa = PBXFileReference; lastKnownFileType = sourcecode.swift; path = "排版修改器练习.swift"; sourceTree = "<group>"; };
		28FF38782C58E3EA0065ED41 /* 控件.swift */ = {isa = PBXFileReference; lastKnownFileType = sourcecode.swift; path = "控件.swift"; sourceTree = "<group>"; };
/* End PBXFileReference section */

/* Begin PBXFrameworksBuildPhase section */
		2810BFDD2C49FE9100F81B31 /* Frameworks */ = {
			isa = PBXFrameworksBuildPhase;
			buildActionMask = 2147483647;
			files = (
				28BC6B442C897A7000DE5C65 /* BetterSafariView in Frameworks */,
				28BC6B512C89A6BB00DE5C65 /* ImagePickerView in Frameworks */,
			);
			runOnlyForDeploymentPostprocessing = 0;
		};
		2810BFEE2C49FE9200F81B31 /* Frameworks */ = {
			isa = PBXFrameworksBuildPhase;
			buildActionMask = 2147483647;
			files = (
			);
			runOnlyForDeploymentPostprocessing = 0;
		};
		2810BFF82C49FE9200F81B31 /* Frameworks */ = {
			isa = PBXFrameworksBuildPhase;
			buildActionMask = 2147483647;
			files = (
			);
			runOnlyForDeploymentPostprocessing = 0;
		};
/* End PBXFrameworksBuildPhase section */

/* Begin PBXGroup section */
		280D29602C8944AB003780E8 /* pages */ = {
			isa = PBXGroup;
			children = (
				28BC6B4C2C89994400DE5C65 /* Examples.swift */,
				28BC6B4E2C89A07700DE5C65 /* Note */,
				280D29632C894544003780E8 /* Locked.swift */,
				280D29682C895052003780E8 /* PrivacyDoc.swift */,
				28BC6B3A2C89575300DE5C65 /* TempPage.swift */,
			);
			path = pages;
			sourceTree = "<group>";
		};
		280D29652C894B16003780E8 /* utils */ = {
			isa = PBXGroup;
			children = (
				280D29662C894B27003780E8 /* utils.swift */,
			);
			path = utils;
			sourceTree = "<group>";
		};
		2810BFD72C49FE9100F81B31 = {
			isa = PBXGroup;
			children = (
				2810BFE22C49FE9100F81B31 /* sccApp */,
				2810BFF42C49FE9200F81B31 /* sccAppTests */,
				2810BFFE2C49FE9200F81B31 /* sccAppUITests */,
				2810BFE12C49FE9100F81B31 /* Products */,
			);
			sourceTree = "<group>";
		};
		2810BFE12C49FE9100F81B31 /* Products */ = {
			isa = PBXGroup;
			children = (
				2810BFE02C49FE9100F81B31 /* sccApp.app */,
				2810BFF12C49FE9200F81B31 /* sccAppTests.xctest */,
				2810BFFB2C49FE9200F81B31 /* sccAppUITests.xctest */,
			);
			name = Products;
			sourceTree = "<group>";
		};
		2810BFE22C49FE9100F81B31 /* sccApp */ = {
			isa = PBXGroup;
			children = (
				28B1EF6B2C5B256300D380DA /* Info.plist */,
				2810BFE72C49FE9200F81B31 /* Assets.xcassets */,
				2810BFEB2C49FE9200F81B31 /* Preview Assets.xcassets */,
				2810BFE92C49FE9200F81B31 /* sccApp.entitlements */,
				2810BFE32C49FE9100F81B31 /* sccAppApp.swift */,
				28BC6B472C89822900DE5C65 /* Model */,
				28BC6B3C2C89585700DE5C65 /* Route.swift */,
				28BC6B3F2C89765900DE5C65 /* components */,
				280D29602C8944AB003780E8 /* pages */,
				280D29652C894B16003780E8 /* utils */,
				2810BFE52C49FE9100F81B31 /* 普通.swift */,
				28FF38782C58E3EA0065ED41 /* 控件.swift */,
				288463432C59FF2900B90E2E /* 层级.swift */,
				288463452C5A0FDC00B90E2E /* 列表.swift */,
				28C2314A2C5A30A500B2BBE9 /* 文本修改器.swift */,
				28DA0E4A2C5B54C1000D8332 /* 排版修改器.swift */,
				28DA0E4C2C5B6509000D8332 /* 排版修改器练习.swift */,
				28080B6A2C5B765C00C7AD36 /* 自定义修改器.swift */,
				28080B6C2C5B7B2E00C7AD36 /* 图片修改器.swift */,
				28080B6E2C5B885700C7AD36 /* 颜色修改器.swift */,
				280669D02C5CBD13007757C2 /* 手势.swift */,
				280669D22C5CC50E007757C2 /* 动画.swift */,
				280669D42C5CD966007757C2 /* 数据流.swift */,
				28D80E9C2C6067C8006E3DEF /* 状态管理.swift */,
				28C231442C5A2B7900B2BBE9 /* Home.swift */,
				28C231462C5A2B8C00B2BBE9 /* Settings.swift */,
				28C231482C5A2BBD00B2BBE9 /* ContentView.swift */,
				28BB7CA82C609D8A00B8788E /* ArticleDetail.swift */,
				28BB7CAA2C60B25A00B8788E /* MotionManager.swift */,
				28D80E9E2C607E48006E3DEF /* ArticleData.swift */,
			);
			path = sccApp;
			sourceTree = "<group>";
		};
		2810BFF42C49FE9200F81B31 /* sccAppTests */ = {
			isa = PBXGroup;
			children = (
				2810BFF52C49FE9200F81B31 /* sccAppTests.swift */,
			);
			path = sccAppTests;
			sourceTree = "<group>";
		};
		2810BFFE2C49FE9200F81B31 /* sccAppUITests */ = {
			isa = PBXGroup;
			children = (
				2810BFFF2C49FE9200F81B31 /* sccAppUITests.swift */,
				2810C0012C49FE9200F81B31 /* sccAppUITestsLaunchTests.swift */,
			);
			path = sccAppUITests;
			sourceTree = "<group>";
		};
		28BC6B3F2C89765900DE5C65 /* components */ = {
			isa = PBXGroup;
			children = (
				28BC6B402C89768000DE5C65 /* RoundButton.swift */,
			);
			path = components;
			sourceTree = "<group>";
		};
		28BC6B472C89822900DE5C65 /* Model */ = {
			isa = PBXGroup;
			children = (
			);
			path = Model;
			sourceTree = "<group>";
		};
		28BC6B4E2C89A07700DE5C65 /* Note */ = {
			isa = PBXGroup;
			children = (
				28BC6B482C8982D300DE5C65 /* NoteData.swift */,
				28BC6B452C89817D00DE5C65 /* Note.swift */,
			);
			path = Note;
			sourceTree = "<group>";
		};
/* End PBXGroup section */

/* Begin PBXNativeTarget section */
		2810BFDF2C49FE9100F81B31 /* sccApp */ = {
			isa = PBXNativeTarget;
			buildConfigurationList = 2810C0052C49FE9200F81B31 /* Build configuration list for PBXNativeTarget "sccApp" */;
			buildPhases = (
				2810BFDC2C49FE9100F81B31 /* Sources */,
				2810BFDD2C49FE9100F81B31 /* Frameworks */,
				2810BFDE2C49FE9100F81B31 /* Resources */,
			);
			buildRules = (
			);
			dependencies = (
			);
			name = sccApp;
			packageProductDependencies = (
				28BC6B432C897A7000DE5C65 /* BetterSafariView */,
				28BC6B502C89A6BB00DE5C65 /* ImagePickerView */,
			);
			productName = sccApp;
			productReference = 2810BFE02C49FE9100F81B31 /* sccApp.app */;
			productType = "com.apple.product-type.application";
		};
		2810BFF02C49FE9200F81B31 /* sccAppTests */ = {
			isa = PBXNativeTarget;
			buildConfigurationList = 2810C0082C49FE9200F81B31 /* Build configuration list for PBXNativeTarget "sccAppTests" */;
			buildPhases = (
				2810BFED2C49FE9200F81B31 /* Sources */,
				2810BFEE2C49FE9200F81B31 /* Frameworks */,
				2810BFEF2C49FE9200F81B31 /* Resources */,
			);
			buildRules = (
			);
			dependencies = (
				2810BFF32C49FE9200F81B31 /* PBXTargetDependency */,
			);
			name = sccAppTests;
			productName = sccAppTests;
			productReference = 2810BFF12C49FE9200F81B31 /* sccAppTests.xctest */;
			productType = "com.apple.product-type.bundle.unit-test";
		};
		2810BFFA2C49FE9200F81B31 /* sccAppUITests */ = {
			isa = PBXNativeTarget;
			buildConfigurationList = 2810C00B2C49FE9200F81B31 /* Build configuration list for PBXNativeTarget "sccAppUITests" */;
			buildPhases = (
				2810BFF72C49FE9200F81B31 /* Sources */,
				2810BFF82C49FE9200F81B31 /* Frameworks */,
				2810BFF92C49FE9200F81B31 /* Resources */,
			);
			buildRules = (
			);
			dependencies = (
				2810BFFD2C49FE9200F81B31 /* PBXTargetDependency */,
			);
			name = sccAppUITests;
			productName = sccAppUITests;
			productReference = 2810BFFB2C49FE9200F81B31 /* sccAppUITests.xctest */;
			productType = "com.apple.product-type.bundle.ui-testing";
		};
/* End PBXNativeTarget section */

/* Begin PBXProject section */
		2810BFD82C49FE9100F81B31 /* Project object */ = {
			isa = PBXProject;
			attributes = {
				BuildIndependentTargetsInParallel = 1;
				LastSwiftUpdateCheck = 1540;
				LastUpgradeCheck = 1540;
				TargetAttributes = {
					2810BFDF2C49FE9100F81B31 = {
						CreatedOnToolsVersion = 15.4;
					};
					2810BFF02C49FE9200F81B31 = {
						CreatedOnToolsVersion = 15.4;
						TestTargetID = 2810BFDF2C49FE9100F81B31;
					};
					2810BFFA2C49FE9200F81B31 = {
						CreatedOnToolsVersion = 15.4;
						TestTargetID = 2810BFDF2C49FE9100F81B31;
					};
				};
			};
			buildConfigurationList = 2810BFDB2C49FE9100F81B31 /* Build configuration list for PBXProject "sccApp" */;
			compatibilityVersion = "Xcode 14.0";
			developmentRegion = en;
			hasScannedForEncodings = 0;
			knownRegions = (
				en,
				Base,
			);
			mainGroup = 2810BFD72C49FE9100F81B31;
			packageReferences = (
				28BC6B422C897A2900DE5C65 /* XCRemoteSwiftPackageReference "BetterSafariView" */,
				28BC6B4F2C89A6BB00DE5C65 /* XCRemoteSwiftPackageReference "ImagePickerView" */,
			);
			productRefGroup = 2810BFE12C49FE9100F81B31 /* Products */;
			projectDirPath = "";
			projectRoot = "";
			targets = (
				2810BFDF2C49FE9100F81B31 /* sccApp */,
				2810BFF02C49FE9200F81B31 /* sccAppTests */,
				2810BFFA2C49FE9200F81B31 /* sccAppUITests */,
			);
		};
/* End PBXProject section */

/* Begin PBXResourcesBuildPhase section */
		2810BFDE2C49FE9100F81B31 /* Resources */ = {
			isa = PBXResourcesBuildPhase;
			buildActionMask = 2147483647;
			files = (
				2810BFEC2C49FE9200F81B31 /* Preview Assets.xcassets in Resources */,
				2810BFE82C49FE9200F81B31 /* Assets.xcassets in Resources */,
			);
			runOnlyForDeploymentPostprocessing = 0;
		};
		2810BFEF2C49FE9200F81B31 /* Resources */ = {
			isa = PBXResourcesBuildPhase;
			buildActionMask = 2147483647;
			files = (
			);
			runOnlyForDeploymentPostprocessing = 0;
		};
		2810BFF92C49FE9200F81B31 /* Resources */ = {
			isa = PBXResourcesBuildPhase;
			buildActionMask = 2147483647;
			files = (
			);
			runOnlyForDeploymentPostprocessing = 0;
		};
/* End PBXResourcesBuildPhase section */

/* Begin PBXSourcesBuildPhase section */
		2810BFDC2C49FE9100F81B31 /* Sources */ = {
			isa = PBXSourcesBuildPhase;
			buildActionMask = 2147483647;
			files = (
				28BC6B4D2C89994400DE5C65 /* Examples.swift in Sources */,
				28BC6B412C89768000DE5C65 /* RoundButton.swift in Sources */,
				288463442C59FF2900B90E2E /* 层级.swift in Sources */,
				28BB7CAB2C60B25A00B8788E /* MotionManager.swift in Sources */,
				2810BFE62C49FE9100F81B31 /* 普通.swift in Sources */,
				28C231492C5A2BBD00B2BBE9 /* ContentView.swift in Sources */,
				28C2314B2C5A30A500B2BBE9 /* 文本修改器.swift in Sources */,
				28C231472C5A2B8C00B2BBE9 /* Settings.swift in Sources */,
				288463462C5A0FDC00B90E2E /* 列表.swift in Sources */,
				280669D32C5CC50E007757C2 /* 动画.swift in Sources */,
				28BC6B492C8982D300DE5C65 /* NoteData.swift in Sources */,
				280669D12C5CBD13007757C2 /* 手势.swift in Sources */,
				28080B6D2C5B7B2E00C7AD36 /* 图片修改器.swift in Sources */,
				280669D52C5CD966007757C2 /* 数据流.swift in Sources */,
				2810BFE42C49FE9100F81B31 /* sccAppApp.swift in Sources */,
				28D80E9D2C6067C8006E3DEF /* 状态管理.swift in Sources */,
				28080B6B2C5B765C00C7AD36 /* 自定义修改器.swift in Sources */,
				28BB7CA92C609D8A00B8788E /* ArticleDetail.swift in Sources */,
				280D29692C895052003780E8 /* PrivacyDoc.swift in Sources */,
				280D29642C894544003780E8 /* Locked.swift in Sources */,
				28BC6B3D2C89585700DE5C65 /* Route.swift in Sources */,
				28FF38792C58E3EA0065ED41 /* 控件.swift in Sources */,
				28DA0E4D2C5B6509000D8332 /* 排版修改器练习.swift in Sources */,
				28080B6F2C5B885700C7AD36 /* 颜色修改器.swift in Sources */,
				280D29672C894B27003780E8 /* utils.swift in Sources */,
				28BC6B462C89817D00DE5C65 /* Note.swift in Sources */,
				28D80E9F2C607E48006E3DEF /* ArticleData.swift in Sources */,
				28C231452C5A2B7900B2BBE9 /* Home.swift in Sources */,
				28DA0E4B2C5B54C1000D8332 /* 排版修改器.swift in Sources */,
				28BC6B3B2C89575300DE5C65 /* TempPage.swift in Sources */,
			);
			runOnlyForDeploymentPostprocessing = 0;
		};
		2810BFED2C49FE9200F81B31 /* Sources */ = {
			isa = PBXSourcesBuildPhase;
			buildActionMask = 2147483647;
			files = (
				2810BFF62C49FE9200F81B31 /* sccAppTests.swift in Sources */,
			);
			runOnlyForDeploymentPostprocessing = 0;
		};
		2810BFF72C49FE9200F81B31 /* Sources */ = {
			isa = PBXSourcesBuildPhase;
			buildActionMask = 2147483647;
			files = (
				2810C0022C49FE9200F81B31 /* sccAppUITestsLaunchTests.swift in Sources */,
				2810C0002C49FE9200F81B31 /* sccAppUITests.swift in Sources */,
			);
			runOnlyForDeploymentPostprocessing = 0;
		};
/* End PBXSourcesBuildPhase section */

/* Begin PBXTargetDependency section */
		2810BFF32C49FE9200F81B31 /* PBXTargetDependency */ = {
			isa = PBXTargetDependency;
			target = 2810BFDF2C49FE9100F81B31 /* sccApp */;
			targetProxy = 2810BFF22C49FE9200F81B31 /* PBXContainerItemProxy */;
		};
		2810BFFD2C49FE9200F81B31 /* PBXTargetDependency */ = {
			isa = PBXTargetDependency;
			target = 2810BFDF2C49FE9100F81B31 /* sccApp */;
			targetProxy = 2810BFFC2C49FE9200F81B31 /* PBXContainerItemProxy */;
		};
/* End PBXTargetDependency section */

/* Begin XCBuildConfiguration section */
		2810C0032C49FE9200F81B31 /* Debug */ = {
			isa = XCBuildConfiguration;
			buildSettings = {
				ALWAYS_SEARCH_USER_PATHS = NO;
				ASSETCATALOG_COMPILER_GENERATE_SWIFT_ASSET_SYMBOL_EXTENSIONS = YES;
				CLANG_ANALYZER_NONNULL = YES;
				CLANG_ANALYZER_NUMBER_OBJECT_CONVERSION = YES_AGGRESSIVE;
				CLANG_CXX_LANGUAGE_STANDARD = "gnu++20";
				CLANG_ENABLE_MODULES = YES;
				CLANG_ENABLE_OBJC_ARC = YES;
				CLANG_ENABLE_OBJC_WEAK = YES;
				CLANG_WARN_BLOCK_CAPTURE_AUTORELEASING = YES;
				CLANG_WARN_BOOL_CONVERSION = YES;
				CLANG_WARN_COMMA = YES;
				CLANG_WARN_CONSTANT_CONVERSION = YES;
				CLANG_WARN_DEPRECATED_OBJC_IMPLEMENTATIONS = YES;
				CLANG_WARN_DIRECT_OBJC_ISA_USAGE = YES_ERROR;
				CLANG_WARN_DOCUMENTATION_COMMENTS = YES;
				CLANG_WARN_EMPTY_BODY = YES;
				CLANG_WARN_ENUM_CONVERSION = YES;
				CLANG_WARN_INFINITE_RECURSION = YES;
				CLANG_WARN_INT_CONVERSION = YES;
				CLANG_WARN_NON_LITERAL_NULL_CONVERSION = YES;
				CLANG_WARN_OBJC_IMPLICIT_RETAIN_SELF = YES;
				CLANG_WARN_OBJC_LITERAL_CONVERSION = YES;
				CLANG_WARN_OBJC_ROOT_CLASS = YES_ERROR;
				CLANG_WARN_QUOTED_INCLUDE_IN_FRAMEWORK_HEADER = YES;
				CLANG_WARN_RANGE_LOOP_ANALYSIS = YES;
				CLANG_WARN_STRICT_PROTOTYPES = YES;
				CLANG_WARN_SUSPICIOUS_MOVE = YES;
				CLANG_WARN_UNGUARDED_AVAILABILITY = YES_AGGRESSIVE;
				CLANG_WARN_UNREACHABLE_CODE = YES;
				CLANG_WARN__DUPLICATE_METHOD_MATCH = YES;
				COPY_PHASE_STRIP = NO;
				DEBUG_INFORMATION_FORMAT = dwarf;
				ENABLE_STRICT_OBJC_MSGSEND = YES;
				ENABLE_TESTABILITY = YES;
				ENABLE_USER_SCRIPT_SANDBOXING = YES;
				GCC_C_LANGUAGE_STANDARD = gnu17;
				GCC_DYNAMIC_NO_PIC = NO;
				GCC_NO_COMMON_BLOCKS = YES;
				GCC_OPTIMIZATION_LEVEL = 0;
				GCC_PREPROCESSOR_DEFINITIONS = (
					"DEBUG=1",
					"$(inherited)",
				);
				GCC_WARN_64_TO_32_BIT_CONVERSION = YES;
				GCC_WARN_ABOUT_RETURN_TYPE = YES_ERROR;
				GCC_WARN_UNDECLARED_SELECTOR = YES;
				GCC_WARN_UNINITIALIZED_AUTOS = YES_AGGRESSIVE;
				GCC_WARN_UNUSED_FUNCTION = YES;
				GCC_WARN_UNUSED_VARIABLE = YES;
				LOCALIZATION_PREFERS_STRING_CATALOGS = YES;
				MTL_ENABLE_DEBUG_INFO = INCLUDE_SOURCE;
				MTL_FAST_MATH = YES;
				NEW_SETTING = "";
				ONLY_ACTIVE_ARCH = YES;
				SWIFT_ACTIVE_COMPILATION_CONDITIONS = "DEBUG $(inherited)";
				SWIFT_OPTIMIZATION_LEVEL = "-Onone";
			};
			name = Debug;
		};
		2810C0042C49FE9200F81B31 /* Release */ = {
			isa = XCBuildConfiguration;
			buildSettings = {
				ALWAYS_SEARCH_USER_PATHS = NO;
				ASSETCATALOG_COMPILER_GENERATE_SWIFT_ASSET_SYMBOL_EXTENSIONS = YES;
				CLANG_ANALYZER_NONNULL = YES;
				CLANG_ANALYZER_NUMBER_OBJECT_CONVERSION = YES_AGGRESSIVE;
				CLANG_CXX_LANGUAGE_STANDARD = "gnu++20";
				CLANG_ENABLE_MODULES = YES;
				CLANG_ENABLE_OBJC_ARC = YES;
				CLANG_ENABLE_OBJC_WEAK = YES;
				CLANG_WARN_BLOCK_CAPTURE_AUTORELEASING = YES;
				CLANG_WARN_BOOL_CONVERSION = YES;
				CLANG_WARN_COMMA = YES;
				CLANG_WARN_CONSTANT_CONVERSION = YES;
				CLANG_WARN_DEPRECATED_OBJC_IMPLEMENTATIONS = YES;
				CLANG_WARN_DIRECT_OBJC_ISA_USAGE = YES_ERROR;
				CLANG_WARN_DOCUMENTATION_COMMENTS = YES;
				CLANG_WARN_EMPTY_BODY = YES;
				CLANG_WARN_ENUM_CONVERSION = YES;
				CLANG_WARN_INFINITE_RECURSION = YES;
				CLANG_WARN_INT_CONVERSION = YES;
				CLANG_WARN_NON_LITERAL_NULL_CONVERSION = YES;
				CLANG_WARN_OBJC_IMPLICIT_RETAIN_SELF = YES;
				CLANG_WARN_OBJC_LITERAL_CONVERSION = YES;
				CLANG_WARN_OBJC_ROOT_CLASS = YES_ERROR;
				CLANG_WARN_QUOTED_INCLUDE_IN_FRAMEWORK_HEADER = YES;
				CLANG_WARN_RANGE_LOOP_ANALYSIS = YES;
				CLANG_WARN_STRICT_PROTOTYPES = YES;
				CLANG_WARN_SUSPICIOUS_MOVE = YES;
				CLANG_WARN_UNGUARDED_AVAILABILITY = YES_AGGRESSIVE;
				CLANG_WARN_UNREACHABLE_CODE = YES;
				CLANG_WARN__DUPLICATE_METHOD_MATCH = YES;
				COPY_PHASE_STRIP = NO;
				DEBUG_INFORMATION_FORMAT = "dwarf-with-dsym";
				ENABLE_NS_ASSERTIONS = NO;
				ENABLE_STRICT_OBJC_MSGSEND = YES;
				ENABLE_USER_SCRIPT_SANDBOXING = YES;
				GCC_C_LANGUAGE_STANDARD = gnu17;
				GCC_NO_COMMON_BLOCKS = YES;
				GCC_WARN_64_TO_32_BIT_CONVERSION = YES;
				GCC_WARN_ABOUT_RETURN_TYPE = YES_ERROR;
				GCC_WARN_UNDECLARED_SELECTOR = YES;
				GCC_WARN_UNINITIALIZED_AUTOS = YES_AGGRESSIVE;
				GCC_WARN_UNUSED_FUNCTION = YES;
				GCC_WARN_UNUSED_VARIABLE = YES;
				LOCALIZATION_PREFERS_STRING_CATALOGS = YES;
				MTL_ENABLE_DEBUG_INFO = NO;
				MTL_FAST_MATH = YES;
				NEW_SETTING = "";
				SWIFT_COMPILATION_MODE = wholemodule;
			};
			name = Release;
		};
		2810C0062C49FE9200F81B31 /* Debug */ = {
			isa = XCBuildConfiguration;
			buildSettings = {
				ASSETCATALOG_COMPILER_APPICON_NAME = AppIcon;
				ASSETCATALOG_COMPILER_GLOBAL_ACCENT_COLOR_NAME = AccentColor;
				CODE_SIGN_ENTITLEMENTS = sccApp/sccApp.entitlements;
				CODE_SIGN_IDENTITY = "Apple Development";
				CODE_SIGN_STYLE = Automatic;
				CURRENT_PROJECT_VERSION = 1;
				DEVELOPMENT_ASSET_PATHS = "\"sccApp/Preview Content\"";
				DEVELOPMENT_TEAM = 4U4ADU3F9S;
				ENABLE_HARDENED_RUNTIME = YES;
				ENABLE_PREVIEWS = YES;
				GENERATE_INFOPLIST_FILE = YES;
				INFOPLIST_FILE = sccApp/Info.plist;
				INFOPLIST_KEY_CFBundleDisplayName = "蔡铨";
				INFOPLIST_KEY_LSApplicationCategoryType = "public.app-category.utilities";
				"INFOPLIST_KEY_UIApplicationSceneManifest_Generation[sdk=iphoneos*]" = YES;
				"INFOPLIST_KEY_UIApplicationSceneManifest_Generation[sdk=iphonesimulator*]" = YES;
				"INFOPLIST_KEY_UIApplicationSupportsIndirectInputEvents[sdk=iphoneos*]" = YES;
				"INFOPLIST_KEY_UIApplicationSupportsIndirectInputEvents[sdk=iphonesimulator*]" = YES;
				"INFOPLIST_KEY_UILaunchScreen_Generation[sdk=iphoneos*]" = YES;
				"INFOPLIST_KEY_UILaunchScreen_Generation[sdk=iphonesimulator*]" = YES;
				INFOPLIST_KEY_UIStatusBarStyle = "";
				"INFOPLIST_KEY_UIStatusBarStyle[sdk=iphoneos*]" = UIStatusBarStyleDefault;
				"INFOPLIST_KEY_UIStatusBarStyle[sdk=iphonesimulator*]" = UIStatusBarStyleDefault;
				INFOPLIST_KEY_UISupportedInterfaceOrientations_iPad = "UIInterfaceOrientationPortrait UIInterfaceOrientationPortraitUpsideDown UIInterfaceOrientationLandscapeLeft UIInterfaceOrientationLandscapeRight";
				INFOPLIST_KEY_UISupportedInterfaceOrientations_iPhone = "UIInterfaceOrientationPortrait UIInterfaceOrientationLandscapeLeft UIInterfaceOrientationLandscapeRight";
				IPHONEOS_DEPLOYMENT_TARGET = 14.0;
				LD_RUNPATH_SEARCH_PATHS = "@executable_path/Frameworks";
				"LD_RUNPATH_SEARCH_PATHS[sdk=macosx*]" = "@executable_path/../Frameworks";
				MACOSX_DEPLOYMENT_TARGET = 14.5;
				MARKETING_VERSION = 1.0;
				PRODUCT_BUNDLE_IDENTIFIER = com.scc.sccApp;
				PRODUCT_NAME = "$(TARGET_NAME)";
				PROVISIONING_PROFILE_SPECIFIER = "";
				SDKROOT = auto;
				SUPPORTED_PLATFORMS = "iphoneos iphonesimulator";
				SUPPORTS_MACCATALYST = NO;
				SWIFT_EMIT_LOC_STRINGS = YES;
				SWIFT_VERSION = 5.0;
				TARGETED_DEVICE_FAMILY = 1;
			};
			name = Debug;
		};
		2810C0072C49FE9200F81B31 /* Release */ = {
			isa = XCBuildConfiguration;
			buildSettings = {
				ASSETCATALOG_COMPILER_APPICON_NAME = AppIcon;
				ASSETCATALOG_COMPILER_GLOBAL_ACCENT_COLOR_NAME = AccentColor;
				CODE_SIGN_ENTITLEMENTS = sccApp/sccApp.entitlements;
				CODE_SIGN_IDENTITY = "Apple Development";
				CODE_SIGN_STYLE = Automatic;
				CURRENT_PROJECT_VERSION = 1;
				DEVELOPMENT_ASSET_PATHS = "\"sccApp/Preview Content\"";
				DEVELOPMENT_TEAM = 4U4ADU3F9S;
				ENABLE_HARDENED_RUNTIME = YES;
				ENABLE_PREVIEWS = YES;
				GENERATE_INFOPLIST_FILE = YES;
				INFOPLIST_FILE = sccApp/Info.plist;
				INFOPLIST_KEY_CFBundleDisplayName = "蔡铨";
				INFOPLIST_KEY_LSApplicationCategoryType = "public.app-category.utilities";
				"INFOPLIST_KEY_UIApplicationSceneManifest_Generation[sdk=iphoneos*]" = YES;
				"INFOPLIST_KEY_UIApplicationSceneManifest_Generation[sdk=iphonesimulator*]" = YES;
				"INFOPLIST_KEY_UIApplicationSupportsIndirectInputEvents[sdk=iphoneos*]" = YES;
				"INFOPLIST_KEY_UIApplicationSupportsIndirectInputEvents[sdk=iphonesimulator*]" = YES;
				"INFOPLIST_KEY_UILaunchScreen_Generation[sdk=iphoneos*]" = YES;
				"INFOPLIST_KEY_UILaunchScreen_Generation[sdk=iphonesimulator*]" = YES;
				INFOPLIST_KEY_UIStatusBarStyle = "";
				"INFOPLIST_KEY_UIStatusBarStyle[sdk=iphoneos*]" = UIStatusBarStyleDefault;
				"INFOPLIST_KEY_UIStatusBarStyle[sdk=iphonesimulator*]" = UIStatusBarStyleDefault;
				INFOPLIST_KEY_UISupportedInterfaceOrientations_iPad = "UIInterfaceOrientationPortrait UIInterfaceOrientationPortraitUpsideDown UIInterfaceOrientationLandscapeLeft UIInterfaceOrientationLandscapeRight";
				INFOPLIST_KEY_UISupportedInterfaceOrientations_iPhone = "UIInterfaceOrientationPortrait UIInterfaceOrientationLandscapeLeft UIInterfaceOrientationLandscapeRight";
				IPHONEOS_DEPLOYMENT_TARGET = 14.0;
				LD_RUNPATH_SEARCH_PATHS = "@executable_path/Frameworks";
				"LD_RUNPATH_SEARCH_PATHS[sdk=macosx*]" = "@executable_path/../Frameworks";
				MACOSX_DEPLOYMENT_TARGET = 14.5;
				MARKETING_VERSION = 1.0;
				PRODUCT_BUNDLE_IDENTIFIER = com.scc.sccApp;
				PRODUCT_NAME = "$(TARGET_NAME)";
				PROVISIONING_PROFILE_SPECIFIER = "";
				SDKROOT = auto;
				SUPPORTED_PLATFORMS = "iphoneos iphonesimulator";
				SUPPORTS_MACCATALYST = NO;
				SWIFT_EMIT_LOC_STRINGS = YES;
				SWIFT_VERSION = 5.0;
				TARGETED_DEVICE_FAMILY = 1;
			};
			name = Release;
		};
		2810C0092C49FE9200F81B31 /* Debug */ = {
			isa = XCBuildConfiguration;
			buildSettings = {
				ALWAYS_EMBED_SWIFT_STANDARD_LIBRARIES = YES;
				BUNDLE_LOADER = "$(TEST_HOST)";
				CODE_SIGN_STYLE = Automatic;
				CURRENT_PROJECT_VERSION = 1;
				DEVELOPMENT_TEAM = 4U4ADU3F9S;
				GENERATE_INFOPLIST_FILE = YES;
				IPHONEOS_DEPLOYMENT_TARGET = 17.5;
				MACOSX_DEPLOYMENT_TARGET = 14.5;
				MARKETING_VERSION = 1.0;
				PRODUCT_BUNDLE_IDENTIFIER = com.scc.sccAppTests;
				PRODUCT_NAME = "$(TARGET_NAME)";
				SDKROOT = auto;
				SUPPORTED_PLATFORMS = "iphoneos iphonesimulator macosx";
				SWIFT_EMIT_LOC_STRINGS = NO;
				SWIFT_VERSION = 5.0;
				TARGETED_DEVICE_FAMILY = "1,2";
				TEST_HOST = "$(BUILT_PRODUCTS_DIR)/sccApp.app/$(BUNDLE_EXECUTABLE_FOLDER_PATH)/sccApp";
			};
			name = Debug;
		};
		2810C00A2C49FE9200F81B31 /* Release */ = {
			isa = XCBuildConfiguration;
			buildSettings = {
				ALWAYS_EMBED_SWIFT_STANDARD_LIBRARIES = YES;
				BUNDLE_LOADER = "$(TEST_HOST)";
				CODE_SIGN_STYLE = Automatic;
				CURRENT_PROJECT_VERSION = 1;
				DEVELOPMENT_TEAM = 4U4ADU3F9S;
				GENERATE_INFOPLIST_FILE = YES;
				IPHONEOS_DEPLOYMENT_TARGET = 17.5;
				MACOSX_DEPLOYMENT_TARGET = 14.5;
				MARKETING_VERSION = 1.0;
				PRODUCT_BUNDLE_IDENTIFIER = com.scc.sccAppTests;
				PRODUCT_NAME = "$(TARGET_NAME)";
				SDKROOT = auto;
				SUPPORTED_PLATFORMS = "iphoneos iphonesimulator macosx";
				SWIFT_EMIT_LOC_STRINGS = NO;
				SWIFT_VERSION = 5.0;
				TARGETED_DEVICE_FAMILY = "1,2";
				TEST_HOST = "$(BUILT_PRODUCTS_DIR)/sccApp.app/$(BUNDLE_EXECUTABLE_FOLDER_PATH)/sccApp";
			};
			name = Release;
		};
		2810C00C2C49FE9200F81B31 /* Debug */ = {
			isa = XCBuildConfiguration;
			buildSettings = {
				ALWAYS_EMBED_SWIFT_STANDARD_LIBRARIES = YES;
				CODE_SIGN_STYLE = Automatic;
				CURRENT_PROJECT_VERSION = 1;
				DEVELOPMENT_TEAM = 4U4ADU3F9S;
				GENERATE_INFOPLIST_FILE = YES;
				IPHONEOS_DEPLOYMENT_TARGET = 17.5;
				MACOSX_DEPLOYMENT_TARGET = 14.5;
				MARKETING_VERSION = 1.0;
				PRODUCT_BUNDLE_IDENTIFIER = com.scc.sccAppUITests;
				PRODUCT_NAME = "$(TARGET_NAME)";
				SDKROOT = auto;
				SUPPORTED_PLATFORMS = "iphoneos iphonesimulator macosx";
				SWIFT_EMIT_LOC_STRINGS = NO;
				SWIFT_VERSION = 5.0;
				TARGETED_DEVICE_FAMILY = "1,2";
				TEST_TARGET_NAME = sccApp;
			};
			name = Debug;
		};
		2810C00D2C49FE9200F81B31 /* Release */ = {
			isa = XCBuildConfiguration;
			buildSettings = {
				ALWAYS_EMBED_SWIFT_STANDARD_LIBRARIES = YES;
				CODE_SIGN_STYLE = Automatic;
				CURRENT_PROJECT_VERSION = 1;
				DEVELOPMENT_TEAM = 4U4ADU3F9S;
				GENERATE_INFOPLIST_FILE = YES;
				IPHONEOS_DEPLOYMENT_TARGET = 17.5;
				MACOSX_DEPLOYMENT_TARGET = 14.5;
				MARKETING_VERSION = 1.0;
				PRODUCT_BUNDLE_IDENTIFIER = com.scc.sccAppUITests;
				PRODUCT_NAME = "$(TARGET_NAME)";
				SDKROOT = auto;
				SUPPORTED_PLATFORMS = "iphoneos iphonesimulator macosx";
				SWIFT_EMIT_LOC_STRINGS = NO;
				SWIFT_VERSION = 5.0;
				TARGETED_DEVICE_FAMILY = "1,2";
				TEST_TARGET_NAME = sccApp;
			};
			name = Release;
		};
/* End XCBuildConfiguration section */

/* Begin XCConfigurationList section */
		2810BFDB2C49FE9100F81B31 /* Build configuration list for PBXProject "sccApp" */ = {
			isa = XCConfigurationList;
			buildConfigurations = (
				2810C0032C49FE9200F81B31 /* Debug */,
				2810C0042C49FE9200F81B31 /* Release */,
			);
			defaultConfigurationIsVisible = 0;
			defaultConfigurationName = Release;
		};
		2810C0052C49FE9200F81B31 /* Build configuration list for PBXNativeTarget "sccApp" */ = {
			isa = XCConfigurationList;
			buildConfigurations = (
				2810C0062C49FE9200F81B31 /* Debug */,
				2810C0072C49FE9200F81B31 /* Release */,
			);
			defaultConfigurationIsVisible = 0;
			defaultConfigurationName = Release;
		};
		2810C0082C49FE9200F81B31 /* Build configuration list for PBXNativeTarget "sccAppTests" */ = {
			isa = XCConfigurationList;
			buildConfigurations = (
				2810C0092C49FE9200F81B31 /* Debug */,
				2810C00A2C49FE9200F81B31 /* Release */,
			);
			defaultConfigurationIsVisible = 0;
			defaultConfigurationName = Release;
		};
		2810C00B2C49FE9200F81B31 /* Build configuration list for PBXNativeTarget "sccAppUITests" */ = {
			isa = XCConfigurationList;
			buildConfigurations = (
				2810C00C2C49FE9200F81B31 /* Debug */,
				2810C00D2C49FE9200F81B31 /* Release */,
			);
			defaultConfigurationIsVisible = 0;
			defaultConfigurationName = Release;
		};
/* End XCConfigurationList section */

/* Begin XCRemoteSwiftPackageReference section */
		28BC6B422C897A2900DE5C65 /* XCRemoteSwiftPackageReference "BetterSafariView" */ = {
			isa = XCRemoteSwiftPackageReference;
			repositoryURL = "https://github.com/stleamist/BetterSafariView";
			requirement = {
				branch = main;
				kind = branch;
			};
		};
		28BC6B4F2C89A6BB00DE5C65 /* XCRemoteSwiftPackageReference "ImagePickerView" */ = {
			isa = XCRemoteSwiftPackageReference;
			repositoryURL = "https://github.com/ralfebert/ImagePickerView";
			requirement = {
				kind = upToNextMajorVersion;
				minimumVersion = 0.5.0;
			};
		};
/* End XCRemoteSwiftPackageReference section */

/* Begin XCSwiftPackageProductDependency section */
		28BC6B432C897A7000DE5C65 /* BetterSafariView */ = {
			isa = XCSwiftPackageProductDependency;
			package = 28BC6B422C897A2900DE5C65 /* XCRemoteSwiftPackageReference "BetterSafariView" */;
			productName = BetterSafariView;
		};
		28BC6B502C89A6BB00DE5C65 /* ImagePickerView */ = {
			isa = XCSwiftPackageProductDependency;
			package = 28BC6B4F2C89A6BB00DE5C65 /* XCRemoteSwiftPackageReference "ImagePickerView" */;
			productName = ImagePickerView;
		};
/* End XCSwiftPackageProductDependency section */
	};
	rootObject = 2810BFD82C49FE9100F81B31 /* Project object */;
}
