{
  "originHash" : "33197db2d98f635d05ce346d6feaf47311bacb3a31c7de7eae14ecdb3e5c9cd8",
  "pins" : [
    {
      "identity" : "bettersafariview",
      "kind" : "remoteSourceControl",
      "location" : "https://github.com/stleamist/BetterSafariView",
      "state" : {
        "branch" : "main",
        "revision" : "884533749e55949b2566030948c6fdbe2873ed0c"
      }
    },
    {
      "identity" : "imagepickerview",
      "kind" : "remoteSourceControl",
      "location" : "https://github.com/ralfebert/ImagePickerView",
      "state" : {
        "revision" : "b84dd1c85a65cddba40c89699cd63ba0cb248dbd",
        "version" : "0.5.0"
      }
    }
  ],
  "version" : 3
}
